{
  "pins" : [
    {
      "identity" : "wireguard-apple",
      "kind" : "remoteSourceControl",
      "location" : "https://github.com/passepartoutvpn/wireguard-apple",
      "state" : {
        "revision" : "b79f0f150356d8200a64922ecf041dd020140aa0",
        "version" : "1.0.18"
      }
    }
  ],
  "version" : 2
}
